// !$*UTF8*$!
{
	archiveVersion = 1;
	classes = {
	};
	objectVersion = 46;
	objects = {

/* Begin PBXBuildFile section */
		0829E46F87B9E8B8C0A2F819 /* libPods.a in Frameworks */ = {isa = PBXBuildFile; fileRef = B3B8017EBB3CDAD81B8019F2 /* libPods.a */; };
		7E26E57A1C7E089400E31195 /* DTRootVC.m in Sources */ = {isa = PBXBuildFile; fileRef = 7E26E5791C7E089400E31195 /* DTRootVC.m */; };
		7E26E57D1C7E09E400E31195 /* DTSaveTool.m in Sources */ = {isa = PBXBuildFile; fileRef = 7E26E57C1C7E09E400E31195 /* DTSaveTool.m */; };
		7E26E5801C7E0AA700E31195 /* DTTabBarController.m in Sources */ = {isa = PBXBuildFile; fileRef = 7E26E57F1C7E0AA700E31195 /* DTTabBarController.m */; };
		7E26E5831C7E0B5700E31195 /* DTNewFeatureViewController.m in Sources */ = {isa = PBXBuildFile; fileRef = 7E26E5821C7E0B5700E31195 /* DTNewFeatureViewController.m */; };
		7E26E5861C7ED23200E31195 /* DTNavigationController.m in Sources */ = {isa = PBXBuildFile; fileRef = 7E26E5851C7ED23200E31195 /* DTNavigationController.m */; };
		7E26E5891C7F10F200E31195 /* DTHomeTableViewController.m in Sources */ = {isa = PBXBuildFile; fileRef = 7E26E5881C7F10F200E31195 /* DTHomeTableViewController.m */; };
		7E26E58C1C7F112A00E31195 /* DTDiscoverTableViewController.m in Sources */ = {isa = PBXBuildFile; fileRef = 7E26E58B1C7F112A00E31195 /* DTDiscoverTableViewController.m */; };
		7E26E58F1C7F115D00E31195 /* DTShopViewController.m in Sources */ = {isa = PBXBuildFile; fileRef = 7E26E58E1C7F115D00E31195 /* DTShopViewController.m */; };
		7E26E5921C7F119C00E31195 /* DTMySettingTableViewController.m in Sources */ = {isa = PBXBuildFile; fileRef = 7E26E5911C7F119C00E31195 /* DTMySettingTableViewController.m */; };
		7E3488FD1C9C60B20008471F /* WebKit.framework in Frameworks */ = {isa = PBXBuildFile; fileRef = 7E3488FC1C9C60B20008471F /* WebKit.framework */; };
		7E89A68E1C8D299600A1CFEC /* UIColor+DT.m in Sources */ = {isa = PBXBuildFile; fileRef = 7E89A68D1C8D299600A1CFEC /* UIColor+DT.m */; };
		7E992FC01C7DF42800C8E0BF /* Assets.xcassets in Resources */ = {isa = PBXBuildFile; fileRef = 7E992FBF1C7DF42800C8E0BF /* Assets.xcassets */; };
		7E992FFA1C7E060000C8E0BF /* AppDelegate.m in Sources */ = {isa = PBXBuildFile; fileRef = 7E992FE91C7E060000C8E0BF /* AppDelegate.m */; };
		7E992FFB1C7E060000C8E0BF /* main.m in Sources */ = {isa = PBXBuildFile; fileRef = 7E992FEC1C7E060000C8E0BF /* main.m */; };
		7EA688B51C82050D00764864 /* UIImage+DT.m in Sources */ = {isa = PBXBuildFile; fileRef = 7EA688B21C82050D00764864 /* UIImage+DT.m */; };
		7EA688B61C82050D00764864 /* UIView+Frame.m in Sources */ = {isa = PBXBuildFile; fileRef = 7EA688B41C82050D00764864 /* UIView+Frame.m */; };
		7EA688B91C82080D00764864 /* DTIaaViewController.m in Sources */ = {isa = PBXBuildFile; fileRef = 7EA688B81C82080D00764864 /* DTIaaViewController.m */; };
		7EFF6E6A1C98703800CC06AF /* DTBaseTableViewController.m in Sources */ = {isa = PBXBuildFile; fileRef = 7EFF6E691C98703800CC06AF /* DTBaseTableViewController.m */; };
		7EFF6E6D1C98712700CC06AF /* DTSettingGroup.m in Sources */ = {isa = PBXBuildFile; fileRef = 7EFF6E6C1C98712700CC06AF /* DTSettingGroup.m */; };
		7EFF6E701C98798600CC06AF /* UIBarButtonItem+DT.m in Sources */ = {isa = PBXBuildFile; fileRef = 7EFF6E6F1C98798600CC06AF /* UIBarButtonItem+DT.m */; };
/* End PBXBuildFile section */

/* Begin PBXFileReference section */
		15ACDC4608B5481F05780616 /* Pods.debug.xcconfig */ = {isa = PBXFileReference; includeInIndex = 1; lastKnownFileType = text.xcconfig; name = Pods.debug.xcconfig; path = "Pods/Target Support Files/Pods/Pods.debug.xcconfig"; sourceTree = "<group>"; };
		7E26E5781C7E089400E31195 /* DTRootVC.h */ = {isa = PBXFileReference; fileEncoding = 4; lastKnownFileType = sourcecode.c.h; path = DTRootVC.h; sourceTree = "<group>"; };
		7E26E5791C7E089400E31195 /* DTRootVC.m */ = {isa = PBXFileReference; fileEncoding = 4; lastKnownFileType = sourcecode.c.objc; path = DTRootVC.m; sourceTree = "<group>"; };
		7E26E57B1C7E09E400E31195 /* DTSaveTool.h */ = {isa = PBXFileReference; fileEncoding = 4; lastKnownFileType = sourcecode.c.h; path = DTSaveTool.h; sourceTree = "<group>"; };
		7E26E57C1C7E09E400E31195 /* DTSaveTool.m */ = {isa = PBXFileReference; fileEncoding = 4; lastKnownFileType = sourcecode.c.objc; path = DTSaveTool.m; sourceTree = "<group>"; };
		7E26E57E1C7E0AA700E31195 /* DTTabBarController.h */ = {isa = PBXFileReference; fileEncoding = 4; lastKnownFileType = sourcecode.c.h; path = DTTabBarController.h; sourceTree = "<group>"; };
		7E26E57F1C7E0AA700E31195 /* DTTabBarController.m */ = {isa = PBXFileReference; fileEncoding = 4; lastKnownFileType = sourcecode.c.objc; path = DTTabBarController.m; sourceTree = "<group>"; };
		7E26E5811C7E0B5700E31195 /* DTNewFeatureViewController.h */ = {isa = PBXFileReference; fileEncoding = 4; lastKnownFileType = sourcecode.c.h; path = DTNewFeatureViewController.h; sourceTree = "<group>"; };
		7E26E5821C7E0B5700E31195 /* DTNewFeatureViewController.m */ = {isa = PBXFileReference; fileEncoding = 4; lastKnownFileType = sourcecode.c.objc; path = DTNewFeatureViewController.m; sourceTree = "<group>"; };
		7E26E5841C7ED23200E31195 /* DTNavigationController.h */ = {isa = PBXFileReference; fileEncoding = 4; lastKnownFileType = sourcecode.c.h; path = DTNavigationController.h; sourceTree = "<group>"; };
		7E26E5851C7ED23200E31195 /* DTNavigationController.m */ = {isa = PBXFileReference; fileEncoding = 4; lastKnownFileType = sourcecode.c.objc; path = DTNavigationController.m; sourceTree = "<group>"; };
		7E26E5871C7F10F200E31195 /* DTHomeTableViewController.h */ = {isa = PBXFileReference; fileEncoding = 4; lastKnownFileType = sourcecode.c.h; path = DTHomeTableViewController.h; sourceTree = "<group>"; };
		7E26E5881C7F10F200E31195 /* DTHomeTableViewController.m */ = {isa = PBXFileReference; fileEncoding = 4; lastKnownFileType = sourcecode.c.objc; path = DTHomeTableViewController.m; sourceTree = "<group>"; };
		7E26E58A1C7F112A00E31195 /* DTDiscoverTableViewController.h */ = {isa = PBXFileReference; fileEncoding = 4; lastKnownFileType = sourcecode.c.h; path = DTDiscoverTableViewController.h; sourceTree = "<group>"; };
		7E26E58B1C7F112A00E31195 /* DTDiscoverTableViewController.m */ = {isa = PBXFileReference; fileEncoding = 4; lastKnownFileType = sourcecode.c.objc; path = DTDiscoverTableViewController.m; sourceTree = "<group>"; };
		7E26E58D1C7F115D00E31195 /* DTShopViewController.h */ = {isa = PBXFileReference; fileEncoding = 4; lastKnownFileType = sourcecode.c.h; path = DTShopViewController.h; sourceTree = "<group>"; };
		7E26E58E1C7F115D00E31195 /* DTShopViewController.m */ = {isa = PBXFileReference; fileEncoding = 4; lastKnownFileType = sourcecode.c.objc; path = DTShopViewController.m; sourceTree = "<group>"; };
		7E26E5901C7F119C00E31195 /* DTMySettingTableViewController.h */ = {isa = PBXFileReference; fileEncoding = 4; lastKnownFileType = sourcecode.c.h; path = DTMySettingTableViewController.h; sourceTree = "<group>"; };
		7E26E5911C7F119C00E31195 /* DTMySettingTableViewController.m */ = {isa = PBXFileReference; fileEncoding = 4; lastKnownFileType = sourcecode.c.objc; path = DTMySettingTableViewController.m; sourceTree = "<group>"; };
		7E3488FC1C9C60B20008471F /* WebKit.framework */ = {isa = PBXFileReference; lastKnownFileType = wrapper.framework; name = WebKit.framework; path = System/Library/Frameworks/WebKit.framework; sourceTree = SDKROOT; };
		7E89A68C1C8D299600A1CFEC /* UIColor+DT.h */ = {isa = PBXFileReference; fileEncoding = 4; lastKnownFileType = sourcecode.c.h; path = "UIColor+DT.h"; sourceTree = "<group>"; };
		7E89A68D1C8D299600A1CFEC /* UIColor+DT.m */ = {isa = PBXFileReference; fileEncoding = 4; lastKnownFileType = sourcecode.c.objc; path = "UIColor+DT.m"; sourceTree = "<group>"; };
		7E992FB01C7DF42800C8E0BF /* DT.app */ = {isa = PBXFileReference; explicitFileType = wrapper.application; includeInIndex = 0; path = DT.app; sourceTree = BUILT_PRODUCTS_DIR; };
		7E992FBF1C7DF42800C8E0BF /* Assets.xcassets */ = {isa = PBXFileReference; lastKnownFileType = folder.assetcatalog; path = Assets.xcassets; sourceTree = "<group>"; };
		7E992FC41C7DF42800C8E0BF /* Info.plist */ = {isa = PBXFileReference; lastKnownFileType = text.plist.xml; path = Info.plist; sourceTree = "<group>"; };
		7E992FE81C7E060000C8E0BF /* AppDelegate.h */ = {isa = PBXFileReference; fileEncoding = 4; lastKnownFileType = sourcecode.c.h; path = AppDelegate.h; sourceTree = "<group>"; };
		7E992FE91C7E060000C8E0BF /* AppDelegate.m */ = {isa = PBXFileReference; fileEncoding = 4; lastKnownFileType = sourcecode.c.objc; path = AppDelegate.m; sourceTree = "<group>"; };
		7E992FEC1C7E060000C8E0BF /* main.m */ = {isa = PBXFileReference; fileEncoding = 4; lastKnownFileType = sourcecode.c.objc; path = main.m; sourceTree = "<group>"; };
		7EA688B11C82050D00764864 /* UIImage+DT.h */ = {isa = PBXFileReference; fileEncoding = 4; lastKnownFileType = sourcecode.c.h; path = "UIImage+DT.h"; sourceTree = "<group>"; };
		7EA688B21C82050D00764864 /* UIImage+DT.m */ = {isa = PBXFileReference; fileEncoding = 4; lastKnownFileType = sourcecode.c.objc; path = "UIImage+DT.m"; sourceTree = "<group>"; };
		7EA688B31C82050D00764864 /* UIView+Frame.h */ = {isa = PBXFileReference; fileEncoding = 4; lastKnownFileType = sourcecode.c.h; path = "UIView+Frame.h"; sourceTree = "<group>"; };
		7EA688B41C82050D00764864 /* UIView+Frame.m */ = {isa = PBXFileReference; fileEncoding = 4; lastKnownFileType = sourcecode.c.objc; path = "UIView+Frame.m"; sourceTree = "<group>"; };
		7EA688B71C82080D00764864 /* DTIaaViewController.h */ = {isa = PBXFileReference; fileEncoding = 4; lastKnownFileType = sourcecode.c.h; path = DTIaaViewController.h; sourceTree = "<group>"; };
		7EA688B81C82080D00764864 /* DTIaaViewController.m */ = {isa = PBXFileReference; fileEncoding = 4; lastKnownFileType = sourcecode.c.objc; path = DTIaaViewController.m; sourceTree = "<group>"; };
		7EFF6E681C98703800CC06AF /* DTBaseTableViewController.h */ = {isa = PBXFileReference; fileEncoding = 4; lastKnownFileType = sourcecode.c.h; path = DTBaseTableViewController.h; sourceTree = "<group>"; };
		7EFF6E691C98703800CC06AF /* DTBaseTableViewController.m */ = {isa = PBXFileReference; fileEncoding = 4; lastKnownFileType = sourcecode.c.objc; path = DTBaseTableViewController.m; sourceTree = "<group>"; };
		7EFF6E6B1C98712700CC06AF /* DTSettingGroup.h */ = {isa = PBXFileReference; fileEncoding = 4; lastKnownFileType = sourcecode.c.h; path = DTSettingGroup.h; sourceTree = "<group>"; };
		7EFF6E6C1C98712700CC06AF /* DTSettingGroup.m */ = {isa = PBXFileReference; fileEncoding = 4; lastKnownFileType = sourcecode.c.objc; path = DTSettingGroup.m; sourceTree = "<group>"; };
		7EFF6E6E1C98798600CC06AF /* UIBarButtonItem+DT.h */ = {isa = PBXFileReference; fileEncoding = 4; lastKnownFileType = sourcecode.c.h; path = "UIBarButtonItem+DT.h"; sourceTree = "<group>"; };
		7EFF6E6F1C98798600CC06AF /* UIBarButtonItem+DT.m */ = {isa = PBXFileReference; fileEncoding = 4; lastKnownFileType = sourcecode.c.objc; path = "UIBarButtonItem+DT.m"; sourceTree = "<group>"; };
		B3B8017EBB3CDAD81B8019F2 /* libPods.a */ = {isa = PBXFileReference; explicitFileType = archive.ar; includeInIndex = 0; path = libPods.a; sourceTree = BUILT_PRODUCTS_DIR; };
		ECC0EFE617FCC5F7DB826C12 /* Pods.release.xcconfig */ = {isa = PBXFileReference; includeInIndex = 1; lastKnownFileType = text.xcconfig; name = Pods.release.xcconfig; path = "Pods/Target Support Files/Pods/Pods.release.xcconfig"; sourceTree = "<group>"; };
/* End PBXFileReference section */

/* Begin PBXFrameworksBuildPhase section */
		7E992FAD1C7DF42800C8E0BF /* Frameworks */ = {
			isa = PBXFrameworksBuildPhase;
			buildActionMask = 2147483647;
			files = (
				7E3488FD1C9C60B20008471F /* WebKit.framework in Frameworks */,
				0829E46F87B9E8B8C0A2F819 /* libPods.a in Frameworks */,
			);
			runOnlyForDeploymentPostprocessing = 0;
		};
/* End PBXFrameworksBuildPhase section */

/* Begin PBXGroup section */
		55853220B95B9CF00A8E0072 /* Pods */ = {
			isa = PBXGroup;
			children = (
				15ACDC4608B5481F05780616 /* Pods.debug.xcconfig */,
				ECC0EFE617FCC5F7DB826C12 /* Pods.release.xcconfig */,
			);
			name = Pods;
			sourceTree = "<group>";
		};
		7E992FA71C7DF42800C8E0BF = {
			isa = PBXGroup;
			children = (
				7E992FB21C7DF42800C8E0BF /* 堆糖 */,
				7E992FB11C7DF42800C8E0BF /* Products */,
				55853220B95B9CF00A8E0072 /* Pods */,
				ACACA4FF6F058CF1E6825B74 /* Frameworks */,
			);
			sourceTree = "<group>";
		};
		7E992FB11C7DF42800C8E0BF /* Products */ = {
			isa = PBXGroup;
			children = (
				7E992FB01C7DF42800C8E0BF /* DT.app */,
			);
			name = Products;
			sourceTree = "<group>";
		};
		7E992FB21C7DF42800C8E0BF /* 堆糖 */ = {
			isa = PBXGroup;
			children = (
				7E992FD71C7E060000C8E0BF /* Home(首页) */,
				7E992FD31C7E060000C8E0BF /* Discover(发现) */,
				7E992FF31C7E060000C8E0BF /* Shop(商店) */,
				7E992FEF1C7E060000C8E0BF /* MySetting(设置) */,
				7E992FDF1C7E060000C8E0BF /* Main(主要) */,
				7E992FE31C7E060000C8E0BF /* NewFeature(新特性) */,
				7E992FDB1C7E060000C8E0BF /* Login(登录) */,
				7E992FE71C7E060000C8E0BF /* Other */,
				7E992FED1C7E060000C8E0BF /* Resources */,
				7E992FF71C7E060000C8E0BF /* Tool(业务逻辑) */,
				7E992FBF1C7DF42800C8E0BF /* Assets.xcassets */,
				7E992FC41C7DF42800C8E0BF /* Info.plist */,
				7E992FB31C7DF42800C8E0BF /* Supporting Files */,
			);
			path = "堆糖";
			sourceTree = "<group>";
		};
		7E992FB31C7DF42800C8E0BF /* Supporting Files */ = {
			isa = PBXGroup;
			children = (
			);
			name = "Supporting Files";
			sourceTree = "<group>";
		};
		7E992FD31C7E060000C8E0BF /* Discover(发现) */ = {
			isa = PBXGroup;
			children = (
				7E992FD41C7E060000C8E0BF /* Controller */,
				7E992FD51C7E060000C8E0BF /* Model */,
				7E992FD61C7E060000C8E0BF /* View */,
			);
			name = "Discover(发现)";
			path = "Classes/Discover(发现)";
			sourceTree = "<group>";
		};
		7E992FD41C7E060000C8E0BF /* Controller */ = {
			isa = PBXGroup;
			children = (
				7E26E58A1C7F112A00E31195 /* DTDiscoverTableViewController.h */,
				7E26E58B1C7F112A00E31195 /* DTDiscoverTableViewController.m */,
			);
			path = Controller;
			sourceTree = "<group>";
		};
		7E992FD51C7E060000C8E0BF /* Model */ = {
			isa = PBXGroup;
			children = (
			);
			path = Model;
			sourceTree = "<group>";
		};
		7E992FD61C7E060000C8E0BF /* View */ = {
			isa = PBXGroup;
			children = (
			);
			path = View;
			sourceTree = "<group>";
		};
		7E992FD71C7E060000C8E0BF /* Home(首页) */ = {
			isa = PBXGroup;
			children = (
				7E992FD81C7E060000C8E0BF /* Controller */,
				7E992FD91C7E060000C8E0BF /* Model */,
				7E992FDA1C7E060000C8E0BF /* View */,
			);
			name = "Home(首页)";
			path = "Classes/Home(首页)";
			sourceTree = "<group>";
		};
		7E992FD81C7E060000C8E0BF /* Controller */ = {
			isa = PBXGroup;
			children = (
				7E26E5871C7F10F200E31195 /* DTHomeTableViewController.h */,
				7E26E5881C7F10F200E31195 /* DTHomeTableViewController.m */,
				7EA688B71C82080D00764864 /* DTIaaViewController.h */,
				7EA688B81C82080D00764864 /* DTIaaViewController.m */,
			);
			path = Controller;
			sourceTree = "<group>";
		};
		7E992FD91C7E060000C8E0BF /* Model */ = {
			isa = PBXGroup;
			children = (
			);
			path = Model;
			sourceTree = "<group>";
		};
		7E992FDA1C7E060000C8E0BF /* View */ = {
			isa = PBXGroup;
			children = (
			);
			path = View;
			sourceTree = "<group>";
		};
		7E992FDB1C7E060000C8E0BF /* Login(登录) */ = {
			isa = PBXGroup;
			children = (
				7E992FDC1C7E060000C8E0BF /* Controller */,
				7E992FDD1C7E060000C8E0BF /* Model */,
				7E992FDE1C7E060000C8E0BF /* View */,
			);
			name = "Login(登录)";
			path = "Classes/Login(登录)";
			sourceTree = "<group>";
		};
		7E992FDC1C7E060000C8E0BF /* Controller */ = {
			isa = PBXGroup;
			children = (
			);
			path = Controller;
			sourceTree = "<group>";
		};
		7E992FDD1C7E060000C8E0BF /* Model */ = {
			isa = PBXGroup;
			children = (
			);
			path = Model;
			sourceTree = "<group>";
		};
		7E992FDE1C7E060000C8E0BF /* View */ = {
			isa = PBXGroup;
			children = (
			);
			path = View;
			sourceTree = "<group>";
		};
		7E992FDF1C7E060000C8E0BF /* Main(主要) */ = {
			isa = PBXGroup;
			children = (
				7E992FE01C7E060000C8E0BF /* Controller */,
				7E992FE11C7E060000C8E0BF /* Model */,
				7E992FE21C7E060000C8E0BF /* View */,
			);
			name = "Main(主要)";
			path = "Classes/Main(主要)";
			sourceTree = "<group>";
		};
		7E992FE01C7E060000C8E0BF /* Controller */ = {
			isa = PBXGroup;
			children = (
				7E26E57E1C7E0AA700E31195 /* DTTabBarController.h */,
				7E26E57F1C7E0AA700E31195 /* DTTabBarController.m */,
				7E26E5841C7ED23200E31195 /* DTNavigationController.h */,
				7E26E5851C7ED23200E31195 /* DTNavigationController.m */,
			);
			path = Controller;
			sourceTree = "<group>";
		};
		7E992FE11C7E060000C8E0BF /* Model */ = {
			isa = PBXGroup;
			children = (
			);
			path = Model;
			sourceTree = "<group>";
		};
		7E992FE21C7E060000C8E0BF /* View */ = {
			isa = PBXGroup;
			children = (
			);
			path = View;
			sourceTree = "<group>";
		};
		7E992FE31C7E060000C8E0BF /* NewFeature(新特性) */ = {
			isa = PBXGroup;
			children = (
				7E992FE41C7E060000C8E0BF /* Controller */,
				7E992FE51C7E060000C8E0BF /* Model */,
				7E992FE61C7E060000C8E0BF /* View */,
			);
			name = "NewFeature(新特性)";
			path = "Classes/NewFeature(新特性)";
			sourceTree = "<group>";
		};
		7E992FE41C7E060000C8E0BF /* Controller */ = {
			isa = PBXGroup;
			children = (
				7E26E5811C7E0B5700E31195 /* DTNewFeatureViewController.h */,
				7E26E5821C7E0B5700E31195 /* DTNewFeatureViewController.m */,
			);
			path = Controller;
			sourceTree = "<group>";
		};
		7E992FE51C7E060000C8E0BF /* Model */ = {
			isa = PBXGroup;
			children = (
			);
			path = Model;
			sourceTree = "<group>";
		};
		7E992FE61C7E060000C8E0BF /* View */ = {
			isa = PBXGroup;
			children = (
			);
			path = View;
			sourceTree = "<group>";
		};
		7E992FE71C7E060000C8E0BF /* Other */ = {
			isa = PBXGroup;
			children = (
				7E992FE81C7E060000C8E0BF /* AppDelegate.h */,
				7E992FE91C7E060000C8E0BF /* AppDelegate.m */,
				7E992FEA1C7E060000C8E0BF /* Category */,
				7E992FEB1C7E060000C8E0BF /* Lib */,
				7E992FEC1C7E060000C8E0BF /* main.m */,
			);
			name = Other;
			path = Classes/Other;
			sourceTree = "<group>";
		};
		7E992FEA1C7E060000C8E0BF /* Category */ = {
			isa = PBXGroup;
			children = (
				7EA688B11C82050D00764864 /* UIImage+DT.h */,
				7EA688B21C82050D00764864 /* UIImage+DT.m */,
				7EA688B31C82050D00764864 /* UIView+Frame.h */,
				7EA688B41C82050D00764864 /* UIView+Frame.m */,
				7E89A68C1C8D299600A1CFEC /* UIColor+DT.h */,
				7E89A68D1C8D299600A1CFEC /* UIColor+DT.m */,
				7EFF6E6E1C98798600CC06AF /* UIBarButtonItem+DT.h */,
				7EFF6E6F1C98798600CC06AF /* UIBarButtonItem+DT.m */,
			);
			path = Category;
			sourceTree = "<group>";
		};
		7E992FEB1C7E060000C8E0BF /* Lib */ = {
			isa = PBXGroup;
			children = (
			);
			path = Lib;
			sourceTree = "<group>";
		};
		7E992FED1C7E060000C8E0BF /* Resources */ = {
			isa = PBXGroup;
			children = (
			);
			name = Resources;
			path = Classes/Resources;
			sourceTree = "<group>";
		};
		7E992FEF1C7E060000C8E0BF /* MySetting(设置) */ = {
			isa = PBXGroup;
			children = (
				7E992FF01C7E060000C8E0BF /* Controller */,
				7E992FF11C7E060000C8E0BF /* Model */,
				7E992FF21C7E060000C8E0BF /* View */,
			);
			name = "MySetting(设置)";
			path = "Classes/Setting(设置)";
			sourceTree = "<group>";
		};
		7E992FF01C7E060000C8E0BF /* Controller */ = {
			isa = PBXGroup;
			children = (
				7EFF6E681C98703800CC06AF /* DTBaseTableViewController.h */,
				7EFF6E691C98703800CC06AF /* DTBaseTableViewController.m */,
				7EFF6E6B1C98712700CC06AF /* DTSettingGroup.h */,
				7EFF6E6C1C98712700CC06AF /* DTSettingGroup.m */,
				7E26E5901C7F119C00E31195 /* DTMySettingTableViewController.h */,
				7E26E5911C7F119C00E31195 /* DTMySettingTableViewController.m */,
			);
			path = Controller;
			sourceTree = "<group>";
		};
		7E992FF11C7E060000C8E0BF /* Model */ = {
			isa = PBXGroup;
			children = (
			);
			path = Model;
			sourceTree = "<group>";
		};
		7E992FF21C7E060000C8E0BF /* View */ = {
			isa = PBXGroup;
			children = (
			);
			path = View;
			sourceTree = "<group>";
		};
		7E992FF31C7E060000C8E0BF /* Shop(商店) */ = {
			isa = PBXGroup;
			children = (
				7E992FF41C7E060000C8E0BF /* Controller */,
				7E992FF51C7E060000C8E0BF /* Model */,
				7E992FF61C7E060000C8E0BF /* View */,
			);
			name = "Shop(商店)";
			path = "Classes/Shop(商店)";
			sourceTree = "<group>";
		};
		7E992FF41C7E060000C8E0BF /* Controller */ = {
			isa = PBXGroup;
			children = (
				7E26E58D1C7F115D00E31195 /* DTShopViewController.h */,
				7E26E58E1C7F115D00E31195 /* DTShopViewController.m */,
			);
			path = Controller;
			sourceTree = "<group>";
		};
		7E992FF51C7E060000C8E0BF /* Model */ = {
			isa = PBXGroup;
			children = (
			);
			path = Model;
			sourceTree = "<group>";
		};
		7E992FF61C7E060000C8E0BF /* View */ = {
			isa = PBXGroup;
			children = (
			);
			path = View;
			sourceTree = "<group>";
		};
		7E992FF71C7E060000C8E0BF /* Tool(业务逻辑) */ = {
			isa = PBXGroup;
			children = (
				7E992FF81C7E060000C8E0BF /* RootVC */,
				7E992FF91C7E060000C8E0BF /* SaveTool */,
			);
			name = "Tool(业务逻辑)";
			path = "Classes/Tool(业务逻辑)";
			sourceTree = "<group>";
		};
		7E992FF81C7E060000C8E0BF /* RootVC */ = {
			isa = PBXGroup;
			children = (
				7E26E5781C7E089400E31195 /* DTRootVC.h */,
				7E26E5791C7E089400E31195 /* DTRootVC.m */,
			);
			path = RootVC;
			sourceTree = "<group>";
		};
		7E992FF91C7E060000C8E0BF /* SaveTool */ = {
			isa = PBXGroup;
			children = (
				7E26E57B1C7E09E400E31195 /* DTSaveTool.h */,
				7E26E57C1C7E09E400E31195 /* DTSaveTool.m */,
			);
			path = SaveTool;
			sourceTree = "<group>";
		};
		ACACA4FF6F058CF1E6825B74 /* Frameworks */ = {
			isa = PBXGroup;
			children = (
				7E3488FC1C9C60B20008471F /* WebKit.framework */,
				B3B8017EBB3CDAD81B8019F2 /* libPods.a */,
			);
			name = Frameworks;
			sourceTree = "<group>";
		};
/* End PBXGroup section */

/* Begin PBXNativeTarget section */
		7E992FAF1C7DF42800C8E0BF /* 堆糖 */ = {
			isa = PBXNativeTarget;
			buildConfigurationList = 7E992FC71C7DF42800C8E0BF /* Build configuration list for PBXNativeTarget "堆糖" */;
			buildPhases = (
				013D9536B54957EDAF3CCAEA /* Check Pods Manifest.lock */,
				7E992FAC1C7DF42800C8E0BF /* Sources */,
				7E992FAD1C7DF42800C8E0BF /* Frameworks */,
				7E992FAE1C7DF42800C8E0BF /* Resources */,
				5591FECE892BFDE54B46BB1B /* Embed Pods Frameworks */,
				3A4891937E75828062339158 /* Copy Pods Resources */,
			);
			buildRules = (
			);
			dependencies = (
			);
			name = "堆糖";
			productName = "堆糖";
			productReference = 7E992FB01C7DF42800C8E0BF /* DT.app */;
			productType = "com.apple.product-type.application";
		};
/* End PBXNativeTarget section */

/* Begin PBXProject section */
		7E992FA81C7DF42800C8E0BF /* Project object */ = {
			isa = PBXProject;
			attributes = {
				LastUpgradeCheck = 0710;
				ORGANIZATIONNAME = ZYZ;
				TargetAttributes = {
					7E992FAF1C7DF42800C8E0BF = {
						CreatedOnToolsVersion = 7.1;
						DevelopmentTeam = H636YXM95A;
					};
				};
			};
			buildConfigurationList = 7E992FAB1C7DF42800C8E0BF /* Build configuration list for PBXProject "堆糖" */;
			compatibilityVersion = "Xcode 3.2";
			developmentRegion = English;
			hasScannedForEncodings = 0;
			knownRegions = (
				en,
				Base,
			);
			mainGroup = 7E992FA71C7DF42800C8E0BF;
			productRefGroup = 7E992FB11C7DF42800C8E0BF /* Products */;
			projectDirPath = "";
			projectRoot = "";
			targets = (
				7E992FAF1C7DF42800C8E0BF /* 堆糖 */,
			);
		};
/* End PBXProject section */

/* Begin PBXResourcesBuildPhase section */
		7E992FAE1C7DF42800C8E0BF /* Resources */ = {
			isa = PBXResourcesBuildPhase;
			buildActionMask = 2147483647;
			files = (
				7E992FC01C7DF42800C8E0BF /* Assets.xcassets in Resources */,
			);
			runOnlyForDeploymentPostprocessing = 0;
		};
/* End PBXResourcesBuildPhase section */

/* Begin PBXShellScriptBuildPhase section */
		013D9536B54957EDAF3CCAEA /* Check Pods Manifest.lock */ = {
			isa = PBXShellScriptBuildPhase;
			buildActionMask = 2147483647;
			files = (
			);
			inputPaths = (
			);
			name = "Check Pods Manifest.lock";
			outputPaths = (
			);
			runOnlyForDeploymentPostprocessing = 0;
			shellPath = /bin/sh;
			shellScript = "diff \"${PODS_ROOT}/../Podfile.lock\" \"${PODS_ROOT}/Manifest.lock\" > /dev/null\nif [[ $? != 0 ]] ; then\n    cat << EOM\nerror: The sandbox is not in sync with the Podfile.lock. Run 'pod install' or update your CocoaPods installation.\nEOM\n    exit 1\nfi\n";
			showEnvVarsInLog = 0;
		};
		3A4891937E75828062339158 /* Copy Pods Resources */ = {
			isa = PBXShellScriptBuildPhase;
			buildActionMask = 2147483647;
			files = (
			);
			inputPaths = (
			);
			name = "Copy Pods Resources";
			outputPaths = (
			);
			runOnlyForDeploymentPostprocessing = 0;
			shellPath = /bin/sh;
			shellScript = "\"${SRCROOT}/Pods/Target Support Files/Pods/Pods-resources.sh\"\n";
			showEnvVarsInLog = 0;
		};
		5591FECE892BFDE54B46BB1B /* Embed Pods Frameworks */ = {
			isa = PBXShellScriptBuildPhase;
			buildActionMask = 2147483647;
			files = (
			);
			inputPaths = (
			);
			name = "Embed Pods Frameworks";
			outputPaths = (
			);
			runOnlyForDeploymentPostprocessing = 0;
			shellPath = /bin/sh;
			shellScript = "\"${SRCROOT}/Pods/Target Support Files/Pods/Pods-frameworks.sh\"\n";
			showEnvVarsInLog = 0;
		};
/* End PBXShellScriptBuildPhase section */

/* Begin PBXSourcesBuildPhase section */
		7E992FAC1C7DF42800C8E0BF /* Sources */ = {
			isa = PBXSourcesBuildPhase;
			buildActionMask = 2147483647;
			files = (
				7EFF6E6A1C98703800CC06AF /* DTBaseTableViewController.m in Sources */,
				7E26E57D1C7E09E400E31195 /* DTSaveTool.m in Sources */,
				7E26E5921C7F119C00E31195 /* DTMySettingTableViewController.m in Sources */,
				7EFF6E6D1C98712700CC06AF /* DTSettingGroup.m in Sources */,
				7E89A68E1C8D299600A1CFEC /* UIColor+DT.m in Sources */,
				7E26E58C1C7F112A00E31195 /* DTDiscoverTableViewController.m in Sources */,
				7EA688B51C82050D00764864 /* UIImage+DT.m in Sources */,
				7E26E5801C7E0AA700E31195 /* DTTabBarController.m in Sources */,
				7EA688B61C82050D00764864 /* UIView+Frame.m in Sources */,
				7EA688B91C82080D00764864 /* DTIaaViewController.m in Sources */,
				7E26E5831C7E0B5700E31195 /* DTNewFeatureViewController.m in Sources */,
				7E26E5861C7ED23200E31195 /* DTNavigationController.m in Sources */,
				7E26E58F1C7F115D00E31195 /* DTShopViewController.m in Sources */,
				7E992FFA1C7E060000C8E0BF /* AppDelegate.m in Sources */,
				7EFF6E701C98798600CC06AF /* UIBarButtonItem+DT.m in Sources */,
				7E992FFB1C7E060000C8E0BF /* main.m in Sources */,
				7E26E5891C7F10F200E31195 /* DTHomeTableViewController.m in Sources */,
				7E26E57A1C7E089400E31195 /* DTRootVC.m in Sources */,
			);
			runOnlyForDeploymentPostprocessing = 0;
		};
/* End PBXSourcesBuildPhase section */

/* Begin XCBuildConfiguration section */
		7E992FC51C7DF42800C8E0BF /* Debug */ = {
			isa = XCBuildConfiguration;
			buildSettings = {
				ALWAYS_SEARCH_USER_PATHS = NO;
				CLANG_CXX_LANGUAGE_STANDARD = "gnu++0x";
				CLANG_CXX_LIBRARY = "libc++";
				CLANG_ENABLE_MODULES = YES;
				CLANG_ENABLE_OBJC_ARC = YES;
				CLANG_WARN_BOOL_CONVERSION = YES;
				CLANG_WARN_CONSTANT_CONVERSION = YES;
				CLANG_WARN_DIRECT_OBJC_ISA_USAGE = YES_ERROR;
				CLANG_WARN_EMPTY_BODY = YES;
				CLANG_WARN_ENUM_CONVERSION = YES;
				CLANG_WARN_INT_CONVERSION = YES;
				CLANG_WARN_OBJC_ROOT_CLASS = YES_ERROR;
				CLANG_WARN_UNREACHABLE_CODE = YES;
				CLANG_WARN__DUPLICATE_METHOD_MATCH = YES;
				"CODE_SIGN_IDENTITY[sdk=iphoneos*]" = "iPhone Developer";
				COPY_PHASE_STRIP = NO;
				DEBUG_INFORMATION_FORMAT = dwarf;
				ENABLE_STRICT_OBJC_MSGSEND = YES;
				ENABLE_TESTABILITY = YES;
				GCC_C_LANGUAGE_STANDARD = gnu99;
				GCC_DYNAMIC_NO_PIC = NO;
				GCC_NO_COMMON_BLOCKS = YES;
				GCC_OPTIMIZATION_LEVEL = 0;
				GCC_PREPROCESSOR_DEFINITIONS = (
					"DEBUG=1",
					"$(inherited)",
				);
				GCC_WARN_64_TO_32_BIT_CONVERSION = YES;
				GCC_WARN_ABOUT_RETURN_TYPE = YES_ERROR;
				GCC_WARN_UNDECLARED_SELECTOR = YES;
				GCC_WARN_UNINITIALIZED_AUTOS = YES_AGGRESSIVE;
				GCC_WARN_UNUSED_FUNCTION = YES;
				GCC_WARN_UNUSED_VARIABLE = YES;
				IPHONEOS_DEPLOYMENT_TARGET = 9.1;
				MTL_ENABLE_DEBUG_INFO = YES;
				ONLY_ACTIVE_ARCH = YES;
				SDKROOT = iphoneos;
			};
			name = Debug;
		};
		7E992FC61C7DF42800C8E0BF /* Release */ = {
			isa = XCBuildConfiguration;
			buildSettings = {
				ALWAYS_SEARCH_USER_PATHS = NO;
				CLANG_CXX_LANGUAGE_STANDARD = "gnu++0x";
				CLANG_CXX_LIBRARY = "libc++";
				CLANG_ENABLE_MODULES = YES;
				CLANG_ENABLE_OBJC_ARC = YES;
				CLANG_WARN_BOOL_CONVERSION = YES;
				CLANG_WARN_CONSTANT_CONVERSION = YES;
				CLANG_WARN_DIRECT_OBJC_ISA_USAGE = YES_ERROR;
				CLANG_WARN_EMPTY_BODY = YES;
				CLANG_WARN_ENUM_CONVERSION = YES;
				CLANG_WARN_INT_CONVERSION = YES;
				CLANG_WARN_OBJC_ROOT_CLASS = YES_ERROR;
				CLANG_WARN_UNREACHABLE_CODE = YES;
				CLANG_WARN__DUPLICATE_METHOD_MATCH = YES;
				"CODE_SIGN_IDENTITY[sdk=iphoneos*]" = "iPhone Developer";
				COPY_PHASE_STRIP = NO;
				DEBUG_INFORMATION_FORMAT = "dwarf-with-dsym";
				ENABLE_NS_ASSERTIONS = NO;
				ENABLE_STRICT_OBJC_MSGSEND = YES;
				GCC_C_LANGUAGE_STANDARD = gnu99;
				GCC_NO_COMMON_BLOCKS = YES;
				GCC_WARN_64_TO_32_BIT_CONVERSION = YES;
				GCC_WARN_ABOUT_RETURN_TYPE = YES_ERROR;
				GCC_WARN_UNDECLARED_SELECTOR = YES;
				GCC_WARN_UNINITIALIZED_AUTOS = YES_AGGRESSIVE;
				GCC_WARN_UNUSED_FUNCTION = YES;
				GCC_WARN_UNUSED_VARIABLE = YES;
				IPHONEOS_DEPLOYMENT_TARGET = 9.1;
				MTL_ENABLE_DEBUG_INFO = NO;
				SDKROOT = iphoneos;
				VALIDATE_PRODUCT = YES;
			};
			name = Release;
		};
		7E992FC81C7DF42800C8E0BF /* Debug */ = {
			isa = XCBuildConfiguration;
			baseConfigurationReference = 15ACDC4608B5481F05780616 /* Pods.debug.xcconfig */;
			buildSettings = {
				ASSETCATALOG_COMPILER_APPICON_NAME = AppIcon;
				ASSETCATALOG_COMPILER_LAUNCHIMAGE_NAME = "Brand Assets";
				CODE_SIGN_IDENTITY = "iPhone Developer";
				INFOPLIST_FILE = "堆糖/Info.plist";
				IPHONEOS_DEPLOYMENT_TARGET = 7.0;
				LD_RUNPATH_SEARCH_PATHS = "$(inherited) @executable_path/Frameworks";
				PRODUCT_BUNDLE_IDENTIFIER = "com.MarkTang.--";
				PRODUCT_NAME = DT;
			};
			name = Debug;
		};
		7E992FC91C7DF42800C8E0BF /* Release */ = {
			isa = XCBuildConfiguration;
			baseConfigurationReference = ECC0EFE617FCC5F7DB826C12 /* Pods.release.xcconfig */;
			buildSettings = {
				ASSETCATALOG_COMPILER_APPICON_NAME = AppIcon;
				ASSETCATALOG_COMPILER_LAUNCHIMAGE_NAME = "Brand Assets";
				CODE_SIGN_IDENTITY = "iPhone Developer";
				INFOPLIST_FILE = "堆糖/Info.plist";
				IPHONEOS_DEPLOYMENT_TARGET = 7.0;
				LD_RUNPATH_SEARCH_PATHS = "$(inherited) @executable_path/Frameworks";
				PRODUCT_BUNDLE_IDENTIFIER = "com.MarkTang.--";
				PRODUCT_NAME = DT;
			};
			name = Release;
		};
/* End XCBuildConfiguration section */

/* Begin XCConfigurationList section */
		7E992FAB1C7DF42800C8E0BF /* Build configuration list for PBXProject "堆糖" */ = {
			isa = XCConfigurationList;
			buildConfigurations = (
				7E992FC51C7DF42800C8E0BF /* Debug */,
				7E992FC61C7DF42800C8E0BF /* Release */,
			);
			defaultConfigurationIsVisible = 0;
			defaultConfigurationName = Release;
		};
		7E992FC71C7DF42800C8E0BF /* Build configuration list for PBXNativeTarget "堆糖" */ = {
			isa = XCConfigurationList;
			buildConfigurations = (
				7E992FC81C7DF42800C8E0BF /* Debug */,
				7E992FC91C7DF42800C8E0BF /* Release */,
			);
			defaultConfigurationIsVisible = 0;
			defaultConfigurationName = Release;
		};
/* End XCConfigurationList section */
	};
	rootObject = 7E992FA81C7DF42800C8E0BF /* Project object */;
}
